// !$*UTF8*$!
{
	archiveVersion = 1;
	classes = {
	};
	objectVersion = 56;
	objects = {

/* Begin PBXBuildFile section */
		63B2332C2A7BC69A00464E5C /* AppDelegate.swift in Sources */ = {isa = PBXBuildFile; fileRef = 63B2332B2A7BC69A00464E5C /* AppDelegate.swift */; };
		63B2332E2A7BC69A00464E5C /* SceneDelegate.swift in Sources */ = {isa = PBXBuildFile; fileRef = 63B2332D2A7BC69A00464E5C /* SceneDelegate.swift */; };
		63B233302A7BC69A00464E5C /* ViewController.swift in Sources */ = {isa = PBXBuildFile; fileRef = 63B2332F2A7BC69A00464E5C /* ViewController.swift */; };
		63B233332A7BC69A00464E5C /* Main.storyboard in Resources */ = {isa = PBXBuildFile; fileRef = 63B233312A7BC69A00464E5C /* Main.storyboard */; };
		63B233352A7BC69B00464E5C /* Assets.xcassets in Resources */ = {isa = PBXBuildFile; fileRef = 63B233342A7BC69B00464E5C /* Assets.xcassets */; };
		63B233382A7BC69B00464E5C /* LaunchScreen.storyboard in Resources */ = {isa = PBXBuildFile; fileRef = 63B233362A7BC69B00464E5C /* LaunchScreen.storyboard */; };
		63B233432A7BC69C00464E5C /* MagicTravelTests.swift in Sources */ = {isa = PBXBuildFile; fileRef = 63B233422A7BC69C00464E5C /* MagicTravelTests.swift */; };
		63B2334D2A7BC69C00464E5C /* MagicTravelUITests.swift in Sources */ = {isa = PBXBuildFile; fileRef = 63B2334C2A7BC69C00464E5C /* MagicTravelUITests.swift */; };
		63B2334F2A7BC69C00464E5C /* MagicTravelUITestsLaunchTests.swift in Sources */ = {isa = PBXBuildFile; fileRef = 63B2334E2A7BC69C00464E5C /* MagicTravelUITestsLaunchTests.swift */; };
/* End PBXBuildFile section */

/* Begin PBXContainerItemProxy section */
		63B2333F2A7BC69C00464E5C /* PBXContainerItemProxy */ = {
			isa = PBXContainerItemProxy;
			containerPortal = 63B233202A7BC69A00464E5C /* Project object */;
			proxyType = 1;
			remoteGlobalIDString = 63B233272A7BC69A00464E5C;
			remoteInfo = MagicTravel;
		};
		63B233492A7BC69C00464E5C /* PBXContainerItemProxy */ = {
			isa = PBXContainerItemProxy;
			containerPortal = 63B233202A7BC69A00464E5C /* Project object */;
			proxyType = 1;
			remoteGlobalIDString = 63B233272A7BC69A00464E5C;
			remoteInfo = MagicTravel;
		};
/* End PBXContainerItemProxy section */

/* Begin PBXFileReference section */
		63B233282A7BC69A00464E5C /* MagicTravel.app */ = {isa = PBXFileReference; explicitFileType = wrapper.application; includeInIndex = 0; path = MagicTravel.app; sourceTree = BUILT_PRODUCTS_DIR; };
		63B2332B2A7BC69A00464E5C /* AppDelegate.swift */ = {isa = PBXFileReference; lastKnownFileType = sourcecode.swift; path = AppDelegate.swift; sourceTree = "<group>"; };
		63B2332D2A7BC69A00464E5C /* SceneDelegate.swift */ = {isa = PBXFileReference; lastKnownFileType = sourcecode.swift; path = SceneDelegate.swift; sourceTree = "<group>"; };
		63B2332F2A7BC69A00464E5C /* ViewController.swift */ = {isa = PBXFileReference; lastKnownFileType = sourcecode.swift; path = ViewController.swift; sourceTree = "<group>"; };
		63B233322A7BC69A00464E5C /* Base */ = {isa = PBXFileReference; lastKnownFileType = file.storyboard; name = Base; path = Base.lproj/Main.storyboard; sourceTree = "<group>"; };
		63B233342A7BC69B00464E5C /* Assets.xcassets */ = {isa = PBXFileReference; lastKnownFileType = folder.assetcatalog; path = Assets.xcassets; sourceTree = "<group>"; };
		63B233372A7BC69B00464E5C /* Base */ = {isa = PBXFileReference; lastKnownFileType = file.storyboard; name = Base; path = Base.lproj/LaunchScreen.storyboard; sourceTree = "<group>"; };
		63B233392A7BC69B00464E5C /* Info.plist */ = {isa = PBXFileReference; lastKnownFileType = text.plist.xml; path = Info.plist; sourceTree = "<group>"; };
		63B2333E2A7BC69C00464E5C /* MagicTravelTests.xctest */ = {isa = PBXFileReference; explicitFileType = wrapper.cfbundle; includeInIndex = 0; path = MagicTravelTests.xctest; sourceTree = BUILT_PRODUCTS_DIR; };
		63B233422A7BC69C00464E5C /* MagicTravelTests.swift */ = {isa = PBXFileReference; lastKnownFileType = sourcecode.swift; path = MagicTravelTests.swift; sourceTree = "<group>"; };
		63B233482A7BC69C00464E5C /* MagicTravelUITests.xctest */ = {isa = PBXFileReference; explicitFileType = wrapper.cfbundle; includeInIndex = 0; path = MagicTravelUITests.xctest; sourceTree = BUILT_PRODUCTS_DIR; };
		63B2334C2A7BC69C00464E5C /* MagicTravelUITests.swift */ = {isa = PBXFileReference; lastKnownFileType = sourcecode.swift; path = MagicTravelUITests.swift; sourceTree = "<group>"; };
		63B2334E2A7BC69C00464E5C /* MagicTravelUITestsLaunchTests.swift */ = {isa = PBXFileReference; lastKnownFileType = sourcecode.swift; path = MagicTravelUITestsLaunchTests.swift; sourceTree = "<group>"; };
/* End PBXFileReference section */

/* Begin PBXFrameworksBuildPhase section */
		63B233252A7BC69A00464E5C /* Frameworks */ = {
			isa = PBXFrameworksBuildPhase;
			buildActionMask = 2147483647;
			files = (
			);
			runOnlyForDeploymentPostprocessing = 0;
		};
		63B2333B2A7BC69C00464E5C /* Frameworks */ = {
			isa = PBXFrameworksBuildPhase;
			buildActionMask = 2147483647;
			files = (
			);
			runOnlyForDeploymentPostprocessing = 0;
		};
		63B233452A7BC69C00464E5C /* Frameworks */ = {
			isa = PBXFrameworksBuildPhase;
			buildActionMask = 2147483647;
			files = (
			);
			runOnlyForDeploymentPostprocessing = 0;
		};
/* End PBXFrameworksBuildPhase section */

/* Begin PBXGroup section */
		63B2331F2A7BC69A00464E5C = {
			isa = PBXGroup;
			children = (
				63B2332A2A7BC69A00464E5C /* MagicTravel */,
				63B233412A7BC69C00464E5C /* MagicTravelTests */,
				63B2334B2A7BC69C00464E5C /* MagicTravelUITests */,
				63B233292A7BC69A00464E5C /* Products */,
			);
			sourceTree = "<group>";
		};
		63B233292A7BC69A00464E5C /* Products */ = {
			isa = PBXGroup;
			children = (
				63B233282A7BC69A00464E5C /* MagicTravel.app */,
				63B2333E2A7BC69C00464E5C /* MagicTravelTests.xctest */,
				63B233482A7BC69C00464E5C /* MagicTravelUITests.xctest */,
			);
			name = Products;
			sourceTree = "<group>";
		};
		63B2332A2A7BC69A00464E5C /* MagicTravel */ = {
			isa = PBXGroup;
			children = (
				63B2332B2A7BC69A00464E5C /* AppDelegate.swift */,
				63B2332D2A7BC69A00464E5C /* SceneDelegate.swift */,
				63B2332F2A7BC69A00464E5C /* ViewController.swift */,
				63B233312A7BC69A00464E5C /* Main.storyboard */,
				63B233342A7BC69B00464E5C /* Assets.xcassets */,
				63B233362A7BC69B00464E5C /* LaunchScreen.storyboard */,
				63B233392A7BC69B00464E5C /* Info.plist */,
			);
			path = MagicTravel;
			sourceTree = "<group>";
		};
		63B233412A7BC69C00464E5C /* MagicTravelTests */ = {
			isa = PBXGroup;
			children = (
				63B233422A7BC69C00464E5C /* MagicTravelTests.swift */,
			);
			path = MagicTravelTests;
			sourceTree = "<group>";
		};
		63B2334B2A7BC69C00464E5C /* MagicTravelUITests */ = {
			isa = PBXGroup;
			children = (
				63B2334C2A7BC69C00464E5C /* MagicTravelUITests.swift */,
				63B2334E2A7BC69C00464E5C /* MagicTravelUITestsLaunchTests.swift */,
			);
			path = MagicTravelUITests;
			sourceTree = "<group>";
		};
/* End PBXGroup section */

/* Begin PBXNativeTarget section */
		63B233272A7BC69A00464E5C /* MagicTravel */ = {
			isa = PBXNativeTarget;
			buildConfigurationList = 63B233522A7BC69C00464E5C /* Build configuration list for PBXNativeTarget "MagicTravel" */;
			buildPhases = (
				63B233242A7BC69A00464E5C /* Sources */,
				63B233252A7BC69A00464E5C /* Frameworks */,
				63B233262A7BC69A00464E5C /* Resources */,
			);
			buildRules = (
			);
			dependencies = (
			);
			name = MagicTravel;
			productName = MagicTravel;
			productReference = 63B233282A7BC69A00464E5C /* MagicTravel.app */;
			productType = "com.apple.product-type.application";
		};
		63B2333D2A7BC69C00464E5C /* MagicTravelTests */ = {
			isa = PBXNativeTarget;
			buildConfigurationList = 63B233552A7BC69C00464E5C /* Build configuration list for PBXNativeTarget "MagicTravelTests" */;
			buildPhases = (
				63B2333A2A7BC69C00464E5C /* Sources */,
				63B2333B2A7BC69C00464E5C /* Frameworks */,
				63B2333C2A7BC69C00464E5C /* Resources */,
			);
			buildRules = (
			);
			dependencies = (
				63B233402A7BC69C00464E5C /* PBXTargetDependency */,
			);
			name = MagicTravelTests;
			productName = MagicTravelTests;
			productReference = 63B2333E2A7BC69C00464E5C /* MagicTravelTests.xctest */;
			productType = "com.apple.product-type.bundle.unit-test";
		};
		63B233472A7BC69C00464E5C /* MagicTravelUITests */ = {
			isa = PBXNativeTarget;
			buildConfigurationList = 63B233582A7BC69C00464E5C /* Build configuration list for PBXNativeTarget "MagicTravelUITests" */;
			buildPhases = (
				63B233442A7BC69C00464E5C /* Sources */,
				63B233452A7BC69C00464E5C /* Frameworks */,
				63B233462A7BC69C00464E5C /* Resources */,
			);
			buildRules = (
			);
			dependencies = (
				63B2334A2A7BC69C00464E5C /* PBXTargetDependency */,
			);
			name = MagicTravelUITests;
			productName = MagicTravelUITests;
			productReference = 63B233482A7BC69C00464E5C /* MagicTravelUITests.xctest */;
			productType = "com.apple.product-type.bundle.ui-testing";
		};
/* End PBXNativeTarget section */

/* Begin PBXProject section */
		63B233202A7BC69A00464E5C /* Project object */ = {
			isa = PBXProject;
			attributes = {
				BuildIndependentTargetsInParallel = 1;
				LastSwiftUpdateCheck = 1420;
				LastUpgradeCheck = 1420;
				TargetAttributes = {
					63B233272A7BC69A00464E5C = {
						CreatedOnToolsVersion = 14.2;
					};
					63B2333D2A7BC69C00464E5C = {
						CreatedOnToolsVersion = 14.2;
						TestTargetID = 63B233272A7BC69A00464E5C;
					};
					63B233472A7BC69C00464E5C = {
						CreatedOnToolsVersion = 14.2;
						TestTargetID = 63B233272A7BC69A00464E5C;
					};
				};
			};
			buildConfigurationList = 63B233232A7BC69A00464E5C /* Build configuration list for PBXProject "MagicTravel" */;
			compatibilityVersion = "Xcode 14.0";
			developmentRegion = en;
			hasScannedForEncodings = 0;
			knownRegions = (
				en,
				Base,
			);
			mainGroup = 63B2331F2A7BC69A00464E5C;
			productRefGroup = 63B233292A7BC69A00464E5C /* Products */;
			projectDirPath = "";
			projectRoot = "";
			targets = (
				63B233272A7BC69A00464E5C /* MagicTravel */,
				63B2333D2A7BC69C00464E5C /* MagicTravelTests */,
				63B233472A7BC69C00464E5C /* MagicTravelUITests */,
			);
		};
/* End PBXProject section */

/* Begin PBXResourcesBuildPhase section */
		63B233262A7BC69A00464E5C /* Resources */ = {
			isa = PBXResourcesBuildPhase;
			buildActionMask = 2147483647;
			files = (
				63B233382A7BC69B00464E5C /* LaunchScreen.storyboard in Resources */,
				63B233352A7BC69B00464E5C /* Assets.xcassets in Resources */,
				63B233332A7BC69A00464E5C /* Main.storyboard in Resources */,
			);
			runOnlyForDeploymentPostprocessing = 0;
		};
		63B2333C2A7BC69C00464E5C /* Resources */ = {
			isa = PBXResourcesBuildPhase;
			buildActionMask = 2147483647;
			files = (
			);
			runOnlyForDeploymentPostprocessing = 0;
		};
		63B233462A7BC69C00464E5C /* Resources */ = {
			isa = PBXResourcesBuildPhase;
			buildActionMask = 2147483647;
			files = (
			);
			runOnlyForDeploymentPostprocessing = 0;
		};
/* End PBXResourcesBuildPhase section */

/* Begin PBXSourcesBuildPhase section */
		63B233242A7BC69A00464E5C /* Sources */ = {
			isa = PBXSourcesBuildPhase;
			buildActionMask = 2147483647;
			files = (
				63B233302A7BC69A00464E5C /* ViewController.swift in Sources */,
				63B2332C2A7BC69A00464E5C /* AppDelegate.swift in Sources */,
				63B2332E2A7BC69A00464E5C /* SceneDelegate.swift in Sources */,
			);
			runOnlyForDeploymentPostprocessing = 0;
		};
		63B2333A2A7BC69C00464E5C /* Sources */ = {
			isa = PBXSourcesBuildPhase;
			buildActionMask = 2147483647;
			files = (
				63B233432A7BC69C00464E5C /* MagicTravelTests.swift in Sources */,
			);
			runOnlyForDeploymentPostprocessing = 0;
		};
		63B233442A7BC69C00464E5C /* Sources */ = {
			isa = PBXSourcesBuildPhase;
			buildActionMask = 2147483647;
			files = (
				63B2334F2A7BC69C00464E5C /* MagicTravelUITestsLaunchTests.swift in Sources */,
				63B2334D2A7BC69C00464E5C /* MagicTravelUITests.swift in Sources */,
			);
			runOnlyForDeploymentPostprocessing = 0;
		};
/* End PBXSourcesBuildPhase section */

/* Begin PBXTargetDependency section */
		63B233402A7BC69C00464E5C /* PBXTargetDependency */ = {
			isa = PBXTargetDependency;
			target = 63B233272A7BC69A00464E5C /* MagicTravel */;
			targetProxy = 63B2333F2A7BC69C00464E5C /* PBXContainerItemProxy */;
		};
		63B2334A2A7BC69C00464E5C /* PBXTargetDependency */ = {
			isa = PBXTargetDependency;
			target = 63B233272A7BC69A00464E5C /* MagicTravel */;
			targetProxy = 63B233492A7BC69C00464E5C /* PBXContainerItemProxy */;
		};
/* End PBXTargetDependency section */

/* Begin PBXVariantGroup section */
		63B233312A7BC69A00464E5C /* Main.storyboard */ = {
			isa = PBXVariantGroup;
			children = (
				63B233322A7BC69A00464E5C /* Base */,
			);
			name = Main.storyboard;
			sourceTree = "<group>";
		};
		63B233362A7BC69B00464E5C /* LaunchScreen.storyboard */ = {
			isa = PBXVariantGroup;
			children = (
				63B233372A7BC69B00464E5C /* Base */,
			);
			name = LaunchScreen.storyboard;
			sourceTree = "<group>";
		};
/* End PBXVariantGroup section */

/* Begin XCBuildConfiguration section */
		63B233502A7BC69C00464E5C /* Debug */ = {
			isa = XCBuildConfiguration;
			buildSettings = {
				ALWAYS_SEARCH_USER_PATHS = NO;
				CLANG_ANALYZER_NONNULL = YES;
				CLANG_ANALYZER_NUMBER_OBJECT_CONVERSION = YES_AGGRESSIVE;
				CLANG_CXX_LANGUAGE_STANDARD = "gnu++20";
				CLANG_ENABLE_MODULES = YES;
				CLANG_ENABLE_OBJC_ARC = YES;
				CLANG_ENABLE_OBJC_WEAK = YES;
				CLANG_WARN_BLOCK_CAPTURE_AUTORELEASING = YES;
				CLANG_WARN_BOOL_CONVERSION = YES;
				CLANG_WARN_COMMA = YES;
				CLANG_WARN_CONSTANT_CONVERSION = YES;
				CLANG_WARN_DEPRECATED_OBJC_IMPLEMENTATIONS = YES;
				CLANG_WARN_DIRECT_OBJC_ISA_USAGE = YES_ERROR;
				CLANG_WARN_DOCUMENTATION_COMMENTS = YES;
				CLANG_WARN_EMPTY_BODY = YES;
				CLANG_WARN_ENUM_CONVERSION = YES;
				CLANG_WARN_INFINITE_RECURSION = YES;
				CLANG_WARN_INT_CONVERSION = YES;
				CLANG_WARN_NON_LITERAL_NULL_CONVERSION = YES;
				CLANG_WARN_OBJC_IMPLICIT_RETAIN_SELF = YES;
				CLANG_WARN_OBJC_LITERAL_CONVERSION = YES;
				CLANG_WARN_OBJC_ROOT_CLASS = YES_ERROR;
				CLANG_WARN_QUOTED_INCLUDE_IN_FRAMEWORK_HEADER = YES;
				CLANG_WARN_RANGE_LOOP_ANALYSIS = YES;
				CLANG_WARN_STRICT_PROTOTYPES = YES;
				CLANG_WARN_SUSPICIOUS_MOVE = YES;
				CLANG_WARN_UNGUARDED_AVAILABILITY = YES_AGGRESSIVE;
				CLANG_WARN_UNREACHABLE_CODE = YES;
				CLANG_WARN__DUPLICATE_METHOD_MATCH = YES;
				COPY_PHASE_STRIP = NO;
				DEBUG_INFORMATION_FORMAT = dwarf;
				ENABLE_STRICT_OBJC_MSGSEND = YES;
				ENABLE_TESTABILITY = YES;
				GCC_C_LANGUAGE_STANDARD = gnu11;
				GCC_DYNAMIC_NO_PIC = NO;
				GCC_NO_COMMON_BLOCKS = YES;
				GCC_OPTIMIZATION_LEVEL = 0;
				GCC_PREPROCESSOR_DEFINITIONS = (
					"DEBUG=1",
					"$(inherited)",
				);
				GCC_WARN_64_TO_32_BIT_CONVERSION = YES;
				GCC_WARN_ABOUT_RETURN_TYPE = YES_ERROR;
				GCC_WARN_UNDECLARED_SELECTOR = YES;
				GCC_WARN_UNINITIALIZED_AUTOS = YES_AGGRESSIVE;
				GCC_WARN_UNUSED_FUNCTION = YES;
				GCC_WARN_UNUSED_VARIABLE = YES;
				IPHONEOS_DEPLOYMENT_TARGET = 16.2;
				MTL_ENABLE_DEBUG_INFO = INCLUDE_SOURCE;
				MTL_FAST_MATH = YES;
				ONLY_ACTIVE_ARCH = YES;
				SDKROOT = iphoneos;
				SWIFT_ACTIVE_COMPILATION_CONDITIONS = DEBUG;
				SWIFT_OPTIMIZATION_LEVEL = "-Onone";
			};
			name = Debug;
		};
		63B233512A7BC69C00464E5C /* Release */ = {
			isa = XCBuildConfiguration;
			buildSettings = {
				ALWAYS_SEARCH_USER_PATHS = NO;
				CLANG_ANALYZER_NONNULL = YES;
				CLANG_ANALYZER_NUMBER_OBJECT_CONVERSION = YES_AGGRESSIVE;
				CLANG_CXX_LANGUAGE_STANDARD = "gnu++20";
				CLANG_ENABLE_MODULES = YES;
				CLANG_ENABLE_OBJC_ARC = YES;
				CLANG_ENABLE_OBJC_WEAK = YES;
				CLANG_WARN_BLOCK_CAPTURE_AUTORELEASING = YES;
				CLANG_WARN_BOOL_CONVERSION = YES;
				CLANG_WARN_COMMA = YES;
				CLANG_WARN_CONSTANT_CONVERSION = YES;
				CLANG_WARN_DEPRECATED_OBJC_IMPLEMENTATIONS = YES;
				CLANG_WARN_DIRECT_OBJC_ISA_USAGE = YES_ERROR;
				CLANG_WARN_DOCUMENTATION_COMMENTS = YES;
				CLANG_WARN_EMPTY_BODY = YES;
				CLANG_WARN_ENUM_CONVERSION = YES;
				CLANG_WARN_INFINITE_RECURSION = YES;
				CLANG_WARN_INT_CONVERSION = YES;
				CLANG_WARN_NON_LITERAL_NULL_CONVERSION = YES;
				CLANG_WARN_OBJC_IMPLICIT_RETAIN_SELF = YES;
				CLANG_WARN_OBJC_LITERAL_CONVERSION = YES;
				CLANG_WARN_OBJC_ROOT_CLASS = YES_ERROR;
				CLANG_WARN_QUOTED_INCLUDE_IN_FRAMEWORK_HEADER = YES;
				CLANG_WARN_RANGE_LOOP_ANALYSIS = YES;
				CLANG_WARN_STRICT_PROTOTYPES = YES;
				CLANG_WARN_SUSPICIOUS_MOVE = YES;
				CLANG_WARN_UNGUARDED_AVAILABILITY = YES_AGGRESSIVE;
				CLANG_WARN_UNREACHABLE_CODE = YES;
				CLANG_WARN__DUPLICATE_METHOD_MATCH = YES;
				COPY_PHASE_STRIP = NO;
				DEBUG_INFORMATION_FORMAT = "dwarf-with-dsym";
				ENABLE_NS_ASSERTIONS = NO;
				ENABLE_STRICT_OBJC_MSGSEND = YES;
				GCC_C_LANGUAGE_STANDARD = gnu11;
				GCC_NO_COMMON_BLOCKS = YES;
				GCC_WARN_64_TO_32_BIT_CONVERSION = YES;
				GCC_WARN_ABOUT_RETURN_TYPE = YES_ERROR;
				GCC_WARN_UNDECLARED_SELECTOR = YES;
				GCC_WARN_UNINITIALIZED_AUTOS = YES_AGGRESSIVE;
				GCC_WARN_UNUSED_FUNCTION = YES;
				GCC_WARN_UNUSED_VARIABLE = YES;
				IPHONEOS_DEPLOYMENT_TARGET = 16.2;
				MTL_ENABLE_DEBUG_INFO = NO;
				MTL_FAST_MATH = YES;
				SDKROOT = iphoneos;
				SWIFT_COMPILATION_MODE = wholemodule;
				SWIFT_OPTIMIZATION_LEVEL = "-O";
				VALIDATE_PRODUCT = YES;
			};
			name = Release;
		};
		63B233532A7BC69C00464E5C /* Debug */ = {
			isa = XCBuildConfiguration;
			buildSettings = {
				ASSETCATALOG_COMPILER_APPICON_NAME = AppIcon;
				ASSETCATALOG_COMPILER_GLOBAL_ACCENT_COLOR_NAME = AccentColor;
				CODE_SIGN_STYLE = Automatic;
				CURRENT_PROJECT_VERSION = 1;
				DEVELOPMENT_TEAM = X2Z2U3TCW9;
				GENERATE_INFOPLIST_FILE = YES;
				INFOPLIST_FILE = MagicTravel/Info.plist;
				INFOPLIST_KEY_UIApplicationSupportsIndirectInputEvents = YES;
				INFOPLIST_KEY_UILaunchStoryboardName = LaunchScreen;
				INFOPLIST_KEY_UIMainStoryboardFile = Main;
				INFOPLIST_KEY_UISupportedInterfaceOrientations_iPad = "UIInterfaceOrientationPortrait UIInterfaceOrientationPortraitUpsideDown UIInterfaceOrientationLandscapeLeft UIInterfaceOrientationLandscapeRight";
				INFOPLIST_KEY_UISupportedInterfaceOrientations_iPhone = "UIInterfaceOrientationPortrait UIInterfaceOrientationLandscapeLeft UIInterfaceOrientationLandscapeRight";
				LD_RUNPATH_SEARCH_PATHS = (
					"$(inherited)",
					"@executable_path/Frameworks",
				);
				MARKETING_VERSION = 1.0;
				PRODUCT_BUNDLE_IDENTIFIER = br.com.siega.MagicTravel;
				PRODUCT_NAME = "$(TARGET_NAME)";
				SWIFT_EMIT_LOC_STRINGS = YES;
				SWIFT_VERSION = 5.0;
				TARGETED_DEVICE_FAMILY = "1,2";
			};
			name = Debug;
		};
		63B233542A7BC69C00464E5C /* Release */ = {
			isa = XCBuildConfiguration;
			buildSettings = {
				ASSETCATALOG_COMPILER_APPICON_NAME = AppIcon;
				ASSETCATALOG_COMPILER_GLOBAL_ACCENT_COLOR_NAME = AccentColor;
				CODE_SIGN_STYLE = Automatic;
				CURRENT_PROJECT_VERSION = 1;
				DEVELOPMENT_TEAM = X2Z2U3TCW9;
				GENERATE_INFOPLIST_FILE = YES;
				INFOPLIST_FILE = MagicTravel/Info.plist;
				INFOPLIST_KEY_UIApplicationSupportsIndirectInputEvents = YES;
				INFOPLIST_KEY_UILaunchStoryboardName = LaunchScreen;
				INFOPLIST_KEY_UIMainStoryboardFile = Main;
				INFOPLIST_KEY_UISupportedInterfaceOrientations_iPad = "UIInterfaceOrientationPortrait UIInterfaceOrientationPortraitUpsideDown UIInterfaceOrientationLandscapeLeft UIInterfaceOrientationLandscapeRight";
				INFOPLIST_KEY_UISupportedInterfaceOrientations_iPhone = "UIInterfaceOrientationPortrait UIInterfaceOrientationLandscapeLeft UIInterfaceOrientationLandscapeRight";
				LD_RUNPATH_SEARCH_PATHS = (
					"$(inherited)",
					"@executable_path/Frameworks",
				);
				MARKETING_VERSION = 1.0;
				PRODUCT_BUNDLE_IDENTIFIER = br.com.siega.MagicTravel;
				PRODUCT_NAME = "$(TARGET_NAME)";
				SWIFT_EMIT_LOC_STRINGS = YES;
				SWIFT_VERSION = 5.0;
				TARGETED_DEVICE_FAMILY = "1,2";
			};
			name = Release;
		};
		63B233562A7BC69C00464E5C /* Debug */ = {
			isa = XCBuildConfiguration;
			buildSettings = {
				ALWAYS_EMBED_SWIFT_STANDARD_LIBRARIES = YES;
				BUNDLE_LOADER = "$(TEST_HOST)";
				CODE_SIGN_STYLE = Automatic;
				CURRENT_PROJECT_VERSION = 1;
				DEVELOPMENT_TEAM = X2Z2U3TCW9;
				GENERATE_INFOPLIST_FILE = YES;
				IPHONEOS_DEPLOYMENT_TARGET = 16.2;
				MARKETING_VERSION = 1.0;
				PRODUCT_BUNDLE_IDENTIFIER = br.com.siega.MagicTravelTests;
				PRODUCT_NAME = "$(TARGET_NAME)";
				SWIFT_EMIT_LOC_STRINGS = NO;
				SWIFT_VERSION = 5.0;
				TARGETED_DEVICE_FAMILY = "1,2";
				TEST_HOST = "$(BUILT_PRODUCTS_DIR)/MagicTravel.app/$(BUNDLE_EXECUTABLE_FOLDER_PATH)/MagicTravel";
			};
			name = Debug;
		};
		63B233572A7BC69C00464E5C /* Release */ = {
			isa = XCBuildConfiguration;
			buildSettings = {
				ALWAYS_EMBED_SWIFT_STANDARD_LIBRARIES = YES;
				BUNDLE_LOADER = "$(TEST_HOST)";
				CODE_SIGN_STYLE = Automatic;
				CURRENT_PROJECT_VERSION = 1;
				DEVELOPMENT_TEAM = X2Z2U3TCW9;
				GENERATE_INFOPLIST_FILE = YES;
				IPHONEOS_DEPLOYMENT_TARGET = 16.2;
				MARKETING_VERSION = 1.0;
				PRODUCT_BUNDLE_IDENTIFIER = br.com.siega.MagicTravelTests;
				PRODUCT_NAME = "$(TARGET_NAME)";
				SWIFT_EMIT_LOC_STRINGS = NO;
				SWIFT_VERSION = 5.0;
				TARGETED_DEVICE_FAMILY = "1,2";
				TEST_HOST = "$(BUILT_PRODUCTS_DIR)/MagicTravel.app/$(BUNDLE_EXECUTABLE_FOLDER_PATH)/MagicTravel";
			};
			name = Release;
		};
		63B233592A7BC69C00464E5C /* Debug */ = {
			isa = XCBuildConfiguration;
			buildSettings = {
				ALWAYS_EMBED_SWIFT_STANDARD_LIBRARIES = YES;
				CODE_SIGN_STYLE = Automatic;
				CURRENT_PROJECT_VERSION = 1;
				DEVELOPMENT_TEAM = X2Z2U3TCW9;
				GENERATE_INFOPLIST_FILE = YES;
				MARKETING_VERSION = 1.0;
				PRODUCT_BUNDLE_IDENTIFIER = br.com.siega.MagicTravelUITests;
				PRODUCT_NAME = "$(TARGET_NAME)";
				SWIFT_EMIT_LOC_STRINGS = NO;
				SWIFT_VERSION = 5.0;
				TARGETED_DEVICE_FAMILY = "1,2";
				TEST_TARGET_NAME = MagicTravel;
			};
			name = Debug;
		};
		63B2335A2A7BC69C00464E5C /* Release */ = {
			isa = XCBuildConfiguration;
			buildSettings = {
				ALWAYS_EMBED_SWIFT_STANDARD_LIBRARIES = YES;
				CODE_SIGN_STYLE = Automatic;
				CURRENT_PROJECT_VERSION = 1;
				DEVELOPMENT_TEAM = X2Z2U3TCW9;
				GENERATE_INFOPLIST_FILE = YES;
				MARKETING_VERSION = 1.0;
				PRODUCT_BUNDLE_IDENTIFIER = br.com.siega.MagicTravelUITests;
				PRODUCT_NAME = "$(TARGET_NAME)";
				SWIFT_EMIT_LOC_STRINGS = NO;
				SWIFT_VERSION = 5.0;
				TARGETED_DEVICE_FAMILY = "1,2";
				TEST_TARGET_NAME = MagicTravel;
			};
			name = Release;
		};
/* End XCBuildConfiguration section */

/* Begin XCConfigurationList section */
		63B233232A7BC69A00464E5C /* Build configuration list for PBXProject "MagicTravel" */ = {
			isa = XCConfigurationList;
			buildConfigurations = (
				63B233502A7BC69C00464E5C /* Debug */,
				63B233512A7BC69C00464E5C /* Release */,
			);
			defaultConfigurationIsVisible = 0;
			defaultConfigurationName = Release;
		};
		63B233522A7BC69C00464E5C /* Build configuration list for PBXNativeTarget "MagicTravel" */ = {
			isa = XCConfigurationList;
			buildConfigurations = (
				63B233532A7BC69C00464E5C /* Debug */,
				63B233542A7BC69C00464E5C /* Release */,
			);
			defaultConfigurationIsVisible = 0;
			defaultConfigurationName = Release;
		};
		63B233552A7BC69C00464E5C /* Build configuration list for PBXNativeTarget "MagicTravelTests" */ = {
			isa = XCConfigurationList;
			buildConfigurations = (
				63B233562A7BC69C00464E5C /* Debug */,
				63B233572A7BC69C00464E5C /* Release */,
			);
			defaultConfigurationIsVisible = 0;
			defaultConfigurationName = Release;
		};
		63B233582A7BC69C00464E5C /* Build configuration list for PBXNativeTarget "MagicTravelUITests" */ = {
			isa = XCConfigurationList;
			buildConfigurations = (
				63B233592A7BC69C00464E5C /* Debug */,
				63B2335A2A7BC69C00464E5C /* Release */,
			);
			defaultConfigurationIsVisible = 0;
			defaultConfigurationName = Release;
		};
/* End XCConfigurationList section */
	};
	rootObject = 63B233202A7BC69A00464E5C /* Project object */;
}
